
Microsoft Visual Studio Solution File, Format Version 12.00
# Visual Studio Version 17
VisualStudioVersion = 17.3.32825.248
MinimumVisualStudioVersion = 10.0.40219.1
Project("{FAE04EC0-301F-11D3-BF4B-00C04F79EFBC}") = "MatrixCalculator1", "MatrixCalculator1.csproj", "{8763C385-E32E-476D-8318-A9E1C97BDB7A}"
EndProject
Global
	GlobalSection(SolutionConfigurationPlatforms) = preSolution
		Debug|Any CPU = Debug|Any CPU
		Release|Any CPU = Release|Any CPU
	EndGlobalSection
	GlobalSection(ProjectConfigurationPlatforms) = postSolution
		{8763C385-E32E-476D-8318-A9E1C97BDB7A}.Debug|Any CPU.ActiveCfg = Debug|Any CPU
		{8763C385-E32E-476D-8318-A9E1C97BDB7A}.Debug|Any CPU.Build.0 = Debug|Any CPU
		{8763C385-E32E-476D-8318-A9E1C97BDB7A}.Release|Any CPU.ActiveCfg = Release|Any CPU
		{8763C385-E32E-476D-8318-A9E1C97BDB7A}.Release|Any CPU.Build.0 = Release|Any CPU
	EndGlobalSection
	GlobalSection(SolutionProperties) = preSolution
		HideSolutionNode = FALSE
	EndGlobalSection
	GlobalSection(ExtensibilityGlobals) = postSolution
		SolutionGuid = {F5F22FC8-07BE-4D61-BAF7-11EDEF9016D1}
	EndGlobalSection
EndGlobal
